
Microsoft Visual Studio Solution File, Format Version 12.00
# Visual Studio Version 17
VisualStudioVersion = 17.0.31903.59
MinimumVisualStudioVersion = 10.0.40219.1
Project("{2150E333-8FDC-42A3-9474-1A3956D46DE8}") = "src", "src", "{827E0CD3-B72D-47B6-A68D-7590B98EB39B}"
EndProject
Project("{FAE04EC0-301F-11D3-BF4B-00C04F79EFBC}") = "Launcher.Core", "src\Launcher.Core\Launcher.Core.csproj", "{52E1DC8C-2960-4D64-A60F-CB9733B556E1}"
EndProject
Project("{FAE04EC0-301F-11D3-BF4B-00C04F79EFBC}") = "Launcher.Engine.Butler", "src\Launcher.Engine.Butler\Launcher.Engine.Butler.csproj", "{88836BA6-1E65-4719-A144-3B69BBF3ED41}"
EndProject
Project("{2150E333-8FDC-42A3-9474-1A3956D46DE8}") = "tests", "tests", "{0AB3BF05-4346-4AA6-1389-037BE0695223}"
EndProject
Project("{FAE04EC0-301F-11D3-BF4B-00C04F79EFBC}") = "Launcher.Core.Tests", "tests\Launcher.Core.Tests\Launcher.Core.Tests.csproj", "{D1A517ED-A876-4426-BD78-0F3A155762A3}"
EndProject
Project("{FAE04EC0-301F-11D3-BF4B-00C04F79EFBC}") = "Launcher.UI", "src\Launcher.UI\Launcher.UI.csproj", "{1E687E9D-3315-42BE-BA52-F3CB1CDDEFC5}"
EndProject
Project("{FAE04EC0-301F-11D3-BF4B-00C04F79EFBC}") = "Launcher.Publisher", "src\Launcher.Publisher\Launcher.Publisher.csproj", "{4473548A-D13C-48A8-B8F4-28E86FFA2D20}"
EndProject
Global
	GlobalSection(SolutionConfigurationPlatforms) = preSolution
		Debug|Any CPU = Debug|Any CPU
		Debug|x64 = Debug|x64
		Debug|x86 = Debug|x86
		Release|Any CPU = Release|Any CPU
		Release|x64 = Release|x64
		Release|x86 = Release|x86
	EndGlobalSection
	GlobalSection(ProjectConfigurationPlatforms) = postSolution
		{52E1DC8C-2960-4D64-A60F-CB9733B556E1}.Debug|Any CPU.ActiveCfg = Debug|Any CPU
		{52E1DC8C-2960-4D64-A60F-CB9733B556E1}.Debug|Any CPU.Build.0 = Debug|Any CPU
		{52E1DC8C-2960-4D64-A60F-CB9733B556E1}.Debug|x64.ActiveCfg = Debug|Any CPU
		{52E1DC8C-2960-4D64-A60F-CB9733B556E1}.Debug|x64.Build.0 = Debug|Any CPU
		{52E1DC8C-2960-4D64-A60F-CB9733B556E1}.Debug|x86.ActiveCfg = Debug|Any CPU
		{52E1DC8C-2960-4D64-A60F-CB9733B556E1}.Debug|x86.Build.0 = Debug|Any CPU
		{52E1DC8C-2960-4D64-A60F-CB9733B556E1}.Release|Any CPU.ActiveCfg = Release|Any CPU
		{52E1DC8C-2960-4D64-A60F-CB9733B556E1}.Release|Any CPU.Build.0 = Release|Any CPU
		{52E1DC8C-2960-4D64-A60F-CB9733B556E1}.Release|x64.ActiveCfg = Release|Any CPU
		{52E1DC8C-2960-4D64-A60F-CB9733B556E1}.Release|x64.Build.0 = Release|Any CPU
		{52E1DC8C-2960-4D64-A60F-CB9733B556E1}.Release|x86.ActiveCfg = Release|Any CPU
		{52E1DC8C-2960-4D64-A60F-CB9733B556E1}.Release|x86.Build.0 = Release|Any CPU
		{88836BA6-1E65-4719-A144-3B69BBF3ED41}.Debug|Any CPU.ActiveCfg = Debug|Any CPU
		{88836BA6-1E65-4719-A144-3B69BBF3ED41}.Debug|Any CPU.Build.0 = Debug|Any CPU
		{88836BA6-1E65-4719-A144-3B69BBF3ED41}.Debug|x64.ActiveCfg = Debug|Any CPU
		{88836BA6-1E65-4719-A144-3B69BBF3ED41}.Debug|x64.Build.0 = Debug|Any CPU
		{88836BA6-1E65-4719-A144-3B69BBF3ED41}.Debug|x86.ActiveCfg = Debug|Any CPU
		{88836BA6-1E65-4719-A144-3B69BBF3ED41}.Debug|x86.Build.0 = Debug|Any CPU
		{88836BA6-1E65-4719-A144-3B69BBF3ED41}.Release|Any CPU.ActiveCfg = Release|Any CPU
		{88836BA6-1E65-4719-A144-3B69BBF3ED41}.Release|Any CPU.Build.0 = Release|Any CPU
		{88836BA6-1E65-4719-A144-3B69BBF3ED41}.Release|x64.ActiveCfg = Release|Any CPU
		{88836BA6-1E65-4719-A144-3B69BBF3ED41}.Release|x64.Build.0 = Release|Any CPU
		{88836BA6-1E65-4719-A144-3B69BBF3ED41}.Release|x86.ActiveCfg = Release|Any CPU
		{88836BA6-1E65-4719-A144-3B69BBF3ED41}.Release|x86.Build.0 = Release|Any CPU
		{D1A517ED-A876-4426-BD78-0F3A155762A3}.Debug|Any CPU.ActiveCfg = Debug|Any CPU
		{D1A517ED-A876-4426-BD78-0F3A155762A3}.Debug|Any CPU.Build.0 = Debug|Any CPU
		{D1A517ED-A876-4426-BD78-0F3A155762A3}.Debug|x64.ActiveCfg = Debug|Any CPU
		{D1A517ED-A876-4426-BD78-0F3A155762A3}.Debug|x64.Build.0 = Debug|Any CPU
		{D1A517ED-A876-4426-BD78-0F3A155762A3}.Debug|x86.ActiveCfg = Debug|Any CPU
		{D1A517ED-A876-4426-BD78-0F3A155762A3}.Debug|x86.Build.0 = Debug|Any CPU
		{D1A517ED-A876-4426-BD78-0F3A155762A3}.Release|Any CPU.ActiveCfg = Release|Any CPU
		{D1A517ED-A876-4426-BD78-0F3A155762A3}.Release|Any CPU.Build.0 = Release|Any CPU
		{D1A517ED-A876-4426-BD78-0F3A155762A3}.Release|x64.ActiveCfg = Release|Any CPU
		{D1A517ED-A876-4426-BD78-0F3A155762A3}.Release|x64.Build.0 = Release|Any CPU
		{D1A517ED-A876-4426-BD78-0F3A155762A3}.Release|x86.ActiveCfg = Release|Any CPU
		{D1A517ED-A876-4426-BD78-0F3A155762A3}.Release|x86.Build.0 = Release|Any CPU
		{1E687E9D-3315-42BE-BA52-F3CB1CDDEFC5}.Debug|Any CPU.ActiveCfg = Debug|Any CPU
		{1E687E9D-3315-42BE-BA52-F3CB1CDDEFC5}.Debug|Any CPU.Build.0 = Debug|Any CPU
		{1E687E9D-3315-42BE-BA52-F3CB1CDDEFC5}.Debug|x64.ActiveCfg = Debug|Any CPU
		{1E687E9D-3315-42BE-BA52-F3CB1CDDEFC5}.Debug|x64.Build.0 = Debug|Any CPU
		{1E687E9D-3315-42BE-BA52-F3CB1CDDEFC5}.Debug|x86.ActiveCfg = Debug|Any CPU
		{1E687E9D-3315-42BE-BA52-F3CB1CDDEFC5}.Debug|x86.Build.0 = Debug|Any CPU
		{1E687E9D-3315-42BE-BA52-F3CB1CDDEFC5}.Release|Any CPU.ActiveCfg = Release|Any CPU
		{1E687E9D-3315-42BE-BA52-F3CB1CDDEFC5}.Release|Any CPU.Build.0 = Release|Any CPU
		{1E687E9D-3315-42BE-BA52-F3CB1CDDEFC5}.Release|x64.ActiveCfg = Release|Any CPU
		{1E687E9D-3315-42BE-BA52-F3CB1CDDEFC5}.Release|x64.Build.0 = Release|Any CPU
		{1E687E9D-3315-42BE-BA52-F3CB1CDDEFC5}.Release|x86.ActiveCfg = Release|Any CPU
		{1E687E9D-3315-42BE-BA52-F3CB1CDDEFC5}.Release|x86.Build.0 = Release|Any CPU
		{4473548A-D13C-48A8-B8F4-28E86FFA2D20}.Debug|Any CPU.ActiveCfg = Debug|Any CPU
		{4473548A-D13C-48A8-B8F4-28E86FFA2D20}.Debug|Any CPU.Build.0 = Debug|Any CPU
		{4473548A-D13C-48A8-B8F4-28E86FFA2D20}.Debug|x64.ActiveCfg = Debug|Any CPU
		{4473548A-D13C-48A8-B8F4-28E86FFA2D20}.Debug|x64.Build.0 = Debug|Any CPU
		{4473548A-D13C-48A8-B8F4-28E86FFA2D20}.Debug|x86.ActiveCfg = Debug|Any CPU
		{4473548A-D13C-48A8-B8F4-28E86FFA2D20}.Debug|x86.Build.0 = Debug|Any CPU
		{4473548A-D13C-48A8-B8F4-28E86FFA2D20}.Release|Any CPU.ActiveCfg = Release|Any CPU
		{4473548A-D13C-48A8-B8F4-28E86FFA2D20}.Release|Any CPU.Build.0 = Release|Any CPU
		{4473548A-D13C-48A8-B8F4-28E86FFA2D20}.Release|x64.ActiveCfg = Release|Any CPU
		{4473548A-D13C-48A8-B8F4-28E86FFA2D20}.Release|x64.Build.0 = Release|Any CPU
		{4473548A-D13C-48A8-B8F4-28E86FFA2D20}.Release|x86.ActiveCfg = Release|Any CPU
		{4473548A-D13C-48A8-B8F4-28E86FFA2D20}.Release|x86.Build.0 = Release|Any CPU
	EndGlobalSection
	GlobalSection(SolutionProperties) = preSolution
		HideSolutionNode = FALSE
	EndGlobalSection
	GlobalSection(NestedProjects) = preSolution
		{52E1DC8C-2960-4D64-A60F-CB9733B556E1} = {827E0CD3-B72D-47B6-A68D-7590B98EB39B}
		{88836BA6-1E65-4719-A144-3B69BBF3ED41} = {827E0CD3-B72D-47B6-A68D-7590B98EB39B}
		{D1A517ED-A876-4426-BD78-0F3A155762A3} = {0AB3BF05-4346-4AA6-1389-037BE0695223}
		{1E687E9D-3315-42BE-BA52-F3CB1CDDEFC5} = {827E0CD3-B72D-47B6-A68D-7590B98EB39B}
		{4473548A-D13C-48A8-B8F4-28E86FFA2D20} = {827E0CD3-B72D-47B6-A68D-7590B98EB39B}
	EndGlobalSection
EndGlobal
